
Microsoft Visual Studio Solution File, Format Version 12.00
# Visual Studio Version 17
VisualStudioVersion = 17.2.32630.192
MinimumVisualStudioVersion = 10.0.40219.1
Project("{FAE04EC0-301F-11D3-BF4B-00C04F79EFBC}") = "almarith_project", "almarith_project\almarith_project.csproj", "{AD490C07-AB3B-409F-B7F3-95857673B3A4}"
EndProject
Global
	GlobalSection(SolutionConfigurationPlatforms) = preSolution
		Debug|Any CPU = Debug|Any CPU
		Release|Any CPU = Release|Any CPU
	EndGlobalSection
	GlobalSection(ProjectConfigurationPlatforms) = postSolution
		{AD490C07-AB3B-409F-B7F3-95857673B3A4}.Debug|Any CPU.ActiveCfg = Debug|Any CPU
		{AD490C07-AB3B-409F-B7F3-95857673B3A4}.Debug|Any CPU.Build.0 = Debug|Any CPU
		{AD490C07-AB3B-409F-B7F3-95857673B3A4}.Release|Any CPU.ActiveCfg = Release|Any CPU
		{AD490C07-AB3B-409F-B7F3-95857673B3A4}.Release|Any CPU.Build.0 = Release|Any CPU
	EndGlobalSection
	GlobalSection(SolutionProperties) = preSolution
		HideSolutionNode = FALSE
	EndGlobalSection
	GlobalSection(ExtensibilityGlobals) = postSolution
		SolutionGuid = {9940BA98-BF26-4F63-88E6-6AD1585BEC4A}
	EndGlobalSection
EndGlobal
